{
  "name": "Paraiso",
  "lockfileVersion": 2,
  "requires": true,
  "packages": {
    "": {
      "dependencies": {
        "@fontsource/crimson-pro": "^5.0.18"
      }
    },
    "node_modules/@fontsource/crimson-pro": {
      "version": "5.0.18",
      "resolved": "https://registry.npmjs.org/@fontsource/crimson-pro/-/crimson-pro-5.0.18.tgz",
      "integrity": "sha512-c59oYv2heFJi5WFuSkANTUo4QoZOXJBjDYW0fhIPBASFs3HaMWVxEXluwxfbSNoIVeCoMcn7RPSy2bDhnmB4rQ=="
    }
  },
  "dependencies": {
    "@fontsource/crimson-pro": {
      "version": "5.0.18",
      "resolved": "https://registry.npmjs.org/@fontsource/crimson-pro/-/crimson-pro-5.0.18.tgz",
      "integrity": "sha512-c59oYv2heFJi5WFuSkANTUo4QoZOXJBjDYW0fhIPBASFs3HaMWVxEXluwxfbSNoIVeCoMcn7RPSy2bDhnmB4rQ=="
    }
  }
}
